Microsoft Visual Studio Solution File, Format Version 12.00
# Visual Studio Version 17
VisualStudioVersion = 17.5.2.0
MinimumVisualStudioVersion = 10.0.40219.1
Project("{FAE04EC0-301F-11D3-BF4B-00C04F79EFBC}") = "TawbahApi", "TawbahApi.csproj", "{660350A6-065A-0EE1-DE63-2FE13DDF7961}"
EndProject
Global
	GlobalSection(SolutionConfigurationPlatforms) = preSolution
		Debug|Any CPU = Debug|Any CPU
		Release|Any CPU = Release|Any CPU
	EndGlobalSection
	GlobalSection(ProjectConfigurationPlatforms) = postSolution
		{660350A6-065A-0EE1-DE63-2FE13DDF7961}.Debug|Any CPU.ActiveCfg = Debug|Any CPU
		{660350A6-065A-0EE1-DE63-2FE13DDF7961}.Debug|Any CPU.Build.0 = Debug|Any CPU
		{660350A6-065A-0EE1-DE63-2FE13DDF7961}.Release|Any CPU.ActiveCfg = Release|Any CPU
		{660350A6-065A-0EE1-DE63-2FE13DDF7961}.Release|Any CPU.Build.0 = Release|Any CPU
	EndGlobalSection
	GlobalSection(SolutionProperties) = preSolution
		HideSolutionNode = FALSE
	EndGlobalSection
	GlobalSection(ExtensibilityGlobals) = postSolution
		SolutionGuid = {7BDD4A80-6F87-4EFD-A80F-66B4C6857430}
	EndGlobalSection
EndGlobal
